
Microsoft Visual Studio Solution File, Format Version 12.00
# Visual Studio Version 17
VisualStudioVersion = 17.11.35327.3
MinimumVisualStudioVersion = 10.0.40219.1
Project("{2150E333-8FDC-42A3-9474-1A3956D46DE8}") = "PaymentService", "PaymentService", "{C9C0F11B-BAF6-49A4-8E40-54EE6EB76F33}"
EndProject
Project("{2150E333-8FDC-42A3-9474-1A3956D46DE8}") = "Core", "Core", "{34370774-245B-4E0C-A1EA-1007E823D9E0}"
EndProject
Project("{2150E333-8FDC-42A3-9474-1A3956D46DE8}") = "Providers", "Providers", "{6ECBCED3-58C8-44DD-8D70-524B8F7099BD}"
EndProject
Project("{2150E333-8FDC-42A3-9474-1A3956D46DE8}") = "Contracts", "Contracts", "{A7832F5E-91C6-47CE-99D5-2F63D3D83169}"
EndProject
Project("{2150E333-8FDC-42A3-9474-1A3956D46DE8}") = "Handlers", "Handlers", "{FF417E51-78B8-4B26-9E76-6D316542FBEE}"
EndProject
Project("{2150E333-8FDC-42A3-9474-1A3956D46DE8}") = "Infrastructures", "Infrastructures", "{CA92132D-4D94-4B2E-80D0-26F41841D0C9}"
EndProject
Project("{2150E333-8FDC-42A3-9474-1A3956D46DE8}") = "Hosts", "Hosts", "{1E2E1398-F824-4749-8838-99C1DB2F8C7D}"
EndProject
Project("{9A19103F-16F7-4668-BE54-9A1E7A4F7556}") = "PaymentService.Core", "..\PaymentService\Core\PaymentService.Core.csproj", "{40CE6BEB-3468-42DC-9C8A-F3CF0BFD930E}"
EndProject
Project("{9A19103F-16F7-4668-BE54-9A1E7A4F7556}") = "PaymentService.Contracts", "..\PaymentService\Contracts\PaymentService.Contracts.csproj", "{E2D3C393-C60E-4189-9EC8-08E1022940B5}"
EndProject
Project("{9A19103F-16F7-4668-BE54-9A1E7A4F7556}") = "PaymentService.Handlers", "..\PaymentService\Handlers\PaymentService.Handlers.csproj", "{CEEEF58F-2343-4216-946E-8EF09A183D36}"
EndProject
Project("{9A19103F-16F7-4668-BE54-9A1E7A4F7556}") = "PaymentService.Hosts", "..\PaymentService\Hosts\Public\PaymentService.Hosts.csproj", "{C8E138F7-A6DB-472C-B047-20A6B10F882A}"
	ProjectSection(ProjectDependencies) = postProject
		{5E469535-ED24-4BAB-BD2B-A01F5CC714E0} = {5E469535-ED24-4BAB-BD2B-A01F5CC714E0}
	EndProjectSection
EndProject
Project("{9A19103F-16F7-4668-BE54-9A1E7A4F7556}") = "PaymentService.Infrastructures", "..\PaymentService\Infrastructures\PaymentService.Infrastructures.csproj", "{87284DC1-268D-4B5F-9D7F-90B7322309F5}"
EndProject
Project("{9A19103F-16F7-4668-BE54-9A1E7A4F7556}") = "PaymentService.Providers", "..\PaymentService\Providers\PaymentService.Providers.csproj", "{5E469535-ED24-4BAB-BD2B-A01F5CC714E0}"
EndProject
Project("{2150E333-8FDC-42A3-9474-1A3956D46DE8}") = "Shared", "Shared", "{07B2218B-EB80-40E4-BC18-5F1ABF01E22C}"
EndProject
Project("{9A19103F-16F7-4668-BE54-9A1E7A4F7556}") = "Shared.Contracts", "..\Shared\Contracts\Shared.Contracts.csproj", "{AF9AFD6F-C264-465C-866A-B567DB3999A1}"
EndProject
Project("{9A19103F-16F7-4668-BE54-9A1E7A4F7556}") = "Shared.Core", "..\Shared\Core\Shared.Core.csproj", "{5CE500B2-2C41-4F14-A07A-C04C64FE18B4}"
EndProject
Project("{9A19103F-16F7-4668-BE54-9A1E7A4F7556}") = "Shared.Database", "..\Shared\Database\Shared.Database.csproj", "{2BB00FC0-5DA4-4D5A-A3A5-3F810E2A4A41}"
EndProject
Project("{9A19103F-16F7-4668-BE54-9A1E7A4F7556}") = "Shared.Handlers", "..\Shared\Handlers\Shared.Handlers.csproj", "{3C8F3003-4BE5-4FE7-99F4-DC7B36BC4A4F}"
EndProject
Project("{2150E333-8FDC-42A3-9474-1A3956D46DE8}") = "Persistence", "Persistence", "{7E4AEC71-DA54-464B-B3B8-148D4CDFB919}"
EndProject
Project("{9A19103F-16F7-4668-BE54-9A1E7A4F7556}") = "PaymentService.Persistence", "..\PaymentService\Persistence\PaymentService.Persistence.csproj", "{D6A025C2-8AE6-4E3D-AB8C-CF0B70B1D3E3}"
EndProject
Project("{9A19103F-16F7-4668-BE54-9A1E7A4F7556}") = "PaymentService.Hosts.Migrations", "..\PaymentService\Hosts\Migrations\PaymentService.Hosts.Migrations.csproj", "{56FA2CCC-5D18-4A96-9AFA-C8BBF2F8151C}"
EndProject
Project("{9A19103F-16F7-4668-BE54-9A1E7A4F7556}") = "Shared.Brokers", "..\Shared\Brokers\Shared.Brokers.csproj", "{1D64EE4E-E963-4BF1-95C0-05EE407B4C2A}"
EndProject
Project("{9A19103F-16F7-4668-BE54-9A1E7A4F7556}") = "PaymentService.Consumers", "..\PaymentService\Hosts\Consumers\PaymentService.Consumers.csproj", "{DAFDB667-D110-4904-A22D-C747A54DF813}"
EndProject
Global
	GlobalSection(SolutionConfigurationPlatforms) = preSolution
		Debug|Any CPU = Debug|Any CPU
		Release|Any CPU = Release|Any CPU
	EndGlobalSection
	GlobalSection(ProjectConfigurationPlatforms) = postSolution
		{40CE6BEB-3468-42DC-9C8A-F3CF0BFD930E}.Debug|Any CPU.ActiveCfg = Debug|Any CPU
		{40CE6BEB-3468-42DC-9C8A-F3CF0BFD930E}.Debug|Any CPU.Build.0 = Debug|Any CPU
		{40CE6BEB-3468-42DC-9C8A-F3CF0BFD930E}.Release|Any CPU.ActiveCfg = Release|Any CPU
		{40CE6BEB-3468-42DC-9C8A-F3CF0BFD930E}.Release|Any CPU.Build.0 = Release|Any CPU
		{E2D3C393-C60E-4189-9EC8-08E1022940B5}.Debug|Any CPU.ActiveCfg = Debug|Any CPU
		{E2D3C393-C60E-4189-9EC8-08E1022940B5}.Debug|Any CPU.Build.0 = Debug|Any CPU
		{E2D3C393-C60E-4189-9EC8-08E1022940B5}.Release|Any CPU.ActiveCfg = Release|Any CPU
		{E2D3C393-C60E-4189-9EC8-08E1022940B5}.Release|Any CPU.Build.0 = Release|Any CPU
		{CEEEF58F-2343-4216-946E-8EF09A183D36}.Debug|Any CPU.ActiveCfg = Debug|Any CPU
		{CEEEF58F-2343-4216-946E-8EF09A183D36}.Debug|Any CPU.Build.0 = Debug|Any CPU
		{CEEEF58F-2343-4216-946E-8EF09A183D36}.Release|Any CPU.ActiveCfg = Release|Any CPU
		{CEEEF58F-2343-4216-946E-8EF09A183D36}.Release|Any CPU.Build.0 = Release|Any CPU
		{C8E138F7-A6DB-472C-B047-20A6B10F882A}.Debug|Any CPU.ActiveCfg = Debug|Any CPU
		{C8E138F7-A6DB-472C-B047-20A6B10F882A}.Debug|Any CPU.Build.0 = Debug|Any CPU
		{C8E138F7-A6DB-472C-B047-20A6B10F882A}.Release|Any CPU.ActiveCfg = Release|Any CPU
		{C8E138F7-A6DB-472C-B047-20A6B10F882A}.Release|Any CPU.Build.0 = Release|Any CPU
		{87284DC1-268D-4B5F-9D7F-90B7322309F5}.Debug|Any CPU.ActiveCfg = Debug|Any CPU
		{87284DC1-268D-4B5F-9D7F-90B7322309F5}.Debug|Any CPU.Build.0 = Debug|Any CPU
		{87284DC1-268D-4B5F-9D7F-90B7322309F5}.Release|Any CPU.ActiveCfg = Release|Any CPU
		{87284DC1-268D-4B5F-9D7F-90B7322309F5}.Release|Any CPU.Build.0 = Release|Any CPU
		{5E469535-ED24-4BAB-BD2B-A01F5CC714E0}.Debug|Any CPU.ActiveCfg = Debug|Any CPU
		{5E469535-ED24-4BAB-BD2B-A01F5CC714E0}.Debug|Any CPU.Build.0 = Debug|Any CPU
		{5E469535-ED24-4BAB-BD2B-A01F5CC714E0}.Release|Any CPU.ActiveCfg = Release|Any CPU
		{5E469535-ED24-4BAB-BD2B-A01F5CC714E0}.Release|Any CPU.Build.0 = Release|Any CPU
		{AF9AFD6F-C264-465C-866A-B567DB3999A1}.Debug|Any CPU.ActiveCfg = Debug|Any CPU
		{AF9AFD6F-C264-465C-866A-B567DB3999A1}.Debug|Any CPU.Build.0 = Debug|Any CPU
		{AF9AFD6F-C264-465C-866A-B567DB3999A1}.Release|Any CPU.ActiveCfg = Release|Any CPU
		{AF9AFD6F-C264-465C-866A-B567DB3999A1}.Release|Any CPU.Build.0 = Release|Any CPU
		{5CE500B2-2C41-4F14-A07A-C04C64FE18B4}.Debug|Any CPU.ActiveCfg = Debug|Any CPU
		{5CE500B2-2C41-4F14-A07A-C04C64FE18B4}.Debug|Any CPU.Build.0 = Debug|Any CPU
		{5CE500B2-2C41-4F14-A07A-C04C64FE18B4}.Release|Any CPU.ActiveCfg = Release|Any CPU
		{5CE500B2-2C41-4F14-A07A-C04C64FE18B4}.Release|Any CPU.Build.0 = Release|Any CPU
		{2BB00FC0-5DA4-4D5A-A3A5-3F810E2A4A41}.Debug|Any CPU.ActiveCfg = Debug|Any CPU
		{2BB00FC0-5DA4-4D5A-A3A5-3F810E2A4A41}.Debug|Any CPU.Build.0 = Debug|Any CPU
		{2BB00FC0-5DA4-4D5A-A3A5-3F810E2A4A41}.Release|Any CPU.ActiveCfg = Release|Any CPU
		{2BB00FC0-5DA4-4D5A-A3A5-3F810E2A4A41}.Release|Any CPU.Build.0 = Release|Any CPU
		{3C8F3003-4BE5-4FE7-99F4-DC7B36BC4A4F}.Debug|Any CPU.ActiveCfg = Debug|Any CPU
		{3C8F3003-4BE5-4FE7-99F4-DC7B36BC4A4F}.Debug|Any CPU.Build.0 = Debug|Any CPU
		{3C8F3003-4BE5-4FE7-99F4-DC7B36BC4A4F}.Release|Any CPU.ActiveCfg = Release|Any CPU
		{3C8F3003-4BE5-4FE7-99F4-DC7B36BC4A4F}.Release|Any CPU.Build.0 = Release|Any CPU
		{D6A025C2-8AE6-4E3D-AB8C-CF0B70B1D3E3}.Debug|Any CPU.ActiveCfg = Debug|Any CPU
		{D6A025C2-8AE6-4E3D-AB8C-CF0B70B1D3E3}.Debug|Any CPU.Build.0 = Debug|Any CPU
		{D6A025C2-8AE6-4E3D-AB8C-CF0B70B1D3E3}.Release|Any CPU.ActiveCfg = Release|Any CPU
		{D6A025C2-8AE6-4E3D-AB8C-CF0B70B1D3E3}.Release|Any CPU.Build.0 = Release|Any CPU
		{56FA2CCC-5D18-4A96-9AFA-C8BBF2F8151C}.Debug|Any CPU.ActiveCfg = Debug|Any CPU
		{56FA2CCC-5D18-4A96-9AFA-C8BBF2F8151C}.Debug|Any CPU.Build.0 = Debug|Any CPU
		{56FA2CCC-5D18-4A96-9AFA-C8BBF2F8151C}.Release|Any CPU.ActiveCfg = Release|Any CPU
		{56FA2CCC-5D18-4A96-9AFA-C8BBF2F8151C}.Release|Any CPU.Build.0 = Release|Any CPU
		{1D64EE4E-E963-4BF1-95C0-05EE407B4C2A}.Debug|Any CPU.ActiveCfg = Debug|Any CPU
		{1D64EE4E-E963-4BF1-95C0-05EE407B4C2A}.Debug|Any CPU.Build.0 = Debug|Any CPU
		{1D64EE4E-E963-4BF1-95C0-05EE407B4C2A}.Release|Any CPU.ActiveCfg = Release|Any CPU
		{1D64EE4E-E963-4BF1-95C0-05EE407B4C2A}.Release|Any CPU.Build.0 = Release|Any CPU
		{DAFDB667-D110-4904-A22D-C747A54DF813}.Debug|Any CPU.ActiveCfg = Debug|Any CPU
		{DAFDB667-D110-4904-A22D-C747A54DF813}.Debug|Any CPU.Build.0 = Debug|Any CPU
		{DAFDB667-D110-4904-A22D-C747A54DF813}.Release|Any CPU.ActiveCfg = Release|Any CPU
		{DAFDB667-D110-4904-A22D-C747A54DF813}.Release|Any CPU.Build.0 = Release|Any CPU
	EndGlobalSection
	GlobalSection(SolutionProperties) = preSolution
		HideSolutionNode = FALSE
	EndGlobalSection
	GlobalSection(NestedProjects) = preSolution
		{34370774-245B-4E0C-A1EA-1007E823D9E0} = {C9C0F11B-BAF6-49A4-8E40-54EE6EB76F33}
		{6ECBCED3-58C8-44DD-8D70-524B8F7099BD} = {C9C0F11B-BAF6-49A4-8E40-54EE6EB76F33}
		{A7832F5E-91C6-47CE-99D5-2F63D3D83169} = {C9C0F11B-BAF6-49A4-8E40-54EE6EB76F33}
		{FF417E51-78B8-4B26-9E76-6D316542FBEE} = {C9C0F11B-BAF6-49A4-8E40-54EE6EB76F33}
		{CA92132D-4D94-4B2E-80D0-26F41841D0C9} = {C9C0F11B-BAF6-49A4-8E40-54EE6EB76F33}
		{1E2E1398-F824-4749-8838-99C1DB2F8C7D} = {C9C0F11B-BAF6-49A4-8E40-54EE6EB76F33}
		{40CE6BEB-3468-42DC-9C8A-F3CF0BFD930E} = {34370774-245B-4E0C-A1EA-1007E823D9E0}
		{E2D3C393-C60E-4189-9EC8-08E1022940B5} = {A7832F5E-91C6-47CE-99D5-2F63D3D83169}
		{CEEEF58F-2343-4216-946E-8EF09A183D36} = {FF417E51-78B8-4B26-9E76-6D316542FBEE}
		{C8E138F7-A6DB-472C-B047-20A6B10F882A} = {1E2E1398-F824-4749-8838-99C1DB2F8C7D}
		{87284DC1-268D-4B5F-9D7F-90B7322309F5} = {CA92132D-4D94-4B2E-80D0-26F41841D0C9}
		{5E469535-ED24-4BAB-BD2B-A01F5CC714E0} = {6ECBCED3-58C8-44DD-8D70-524B8F7099BD}
		{AF9AFD6F-C264-465C-866A-B567DB3999A1} = {07B2218B-EB80-40E4-BC18-5F1ABF01E22C}
		{5CE500B2-2C41-4F14-A07A-C04C64FE18B4} = {07B2218B-EB80-40E4-BC18-5F1ABF01E22C}
		{2BB00FC0-5DA4-4D5A-A3A5-3F810E2A4A41} = {07B2218B-EB80-40E4-BC18-5F1ABF01E22C}
		{3C8F3003-4BE5-4FE7-99F4-DC7B36BC4A4F} = {07B2218B-EB80-40E4-BC18-5F1ABF01E22C}
		{7E4AEC71-DA54-464B-B3B8-148D4CDFB919} = {C9C0F11B-BAF6-49A4-8E40-54EE6EB76F33}
		{D6A025C2-8AE6-4E3D-AB8C-CF0B70B1D3E3} = {7E4AEC71-DA54-464B-B3B8-148D4CDFB919}
		{56FA2CCC-5D18-4A96-9AFA-C8BBF2F8151C} = {1E2E1398-F824-4749-8838-99C1DB2F8C7D}
		{1D64EE4E-E963-4BF1-95C0-05EE407B4C2A} = {07B2218B-EB80-40E4-BC18-5F1ABF01E22C}
		{DAFDB667-D110-4904-A22D-C747A54DF813} = {1E2E1398-F824-4749-8838-99C1DB2F8C7D}
	EndGlobalSection
	GlobalSection(ExtensibilityGlobals) = postSolution
		SolutionGuid = {CF690CF2-3718-489F-9DEC-C083AECF0EC6}
	EndGlobalSection
EndGlobal
